
Microsoft Visual Studio Solution File, Format Version 12.00
# Visual Studio Version 16
VisualStudioVersion = 25.0.1704.3
MinimumVisualStudioVersion = 10.0.40219.1
Project("{FAE04EC0-301F-11D3-BF4B-00C04F79EFBC}") = "PorscheApi", "PorscheApi\PorscheApi.csproj", "{2534C78C-84F2-4BC0-B24E-D2F43C097724}"
EndProject
Global
	GlobalSection(SolutionConfigurationPlatforms) = preSolution
		Debug|Any CPU = Debug|Any CPU
		Release|Any CPU = Release|Any CPU
	EndGlobalSection
	GlobalSection(ProjectConfigurationPlatforms) = postSolution
		{2534C78C-84F2-4BC0-B24E-D2F43C097724}.Debug|Any CPU.ActiveCfg = Debug|Any CPU
		{2534C78C-84F2-4BC0-B24E-D2F43C097724}.Debug|Any CPU.Build.0 = Debug|Any CPU
		{2534C78C-84F2-4BC0-B24E-D2F43C097724}.Release|Any CPU.ActiveCfg = Release|Any CPU
		{2534C78C-84F2-4BC0-B24E-D2F43C097724}.Release|Any CPU.Build.0 = Release|Any CPU
	EndGlobalSection
	GlobalSection(SolutionProperties) = preSolution
		HideSolutionNode = FALSE
	EndGlobalSection
	GlobalSection(ExtensibilityGlobals) = postSolution
		SolutionGuid = {7C008B39-CFB0-43F0-81A1-FD966E88E9EF}
	EndGlobalSection
EndGlobal
